
Microsoft Visual Studio Solution File, Format Version 11.00
# Visual Studio 2010
Project("{F184B08F-C81C-45F6-A57F-5ABD9991F28F}") = "WGController32_VB.NET", "WGController32_VB.NET.vbproj", "{D78AA641-7018-42F9-87BB-58FC95BC629A}"
EndProject
Global
	GlobalSection(SolutionConfigurationPlatforms) = preSolution
		Debug|x86 = Debug|x86
		Release|x86 = Release|x86
	EndGlobalSection
	GlobalSection(ProjectConfigurationPlatforms) = postSolution
		{D78AA641-7018-42F9-87BB-58FC95BC629A}.Debug|x86.ActiveCfg = Debug|x86
		{D78AA641-7018-42F9-87BB-58FC95BC629A}.Debug|x86.Build.0 = Debug|x86
		{D78AA641-7018-42F9-87BB-58FC95BC629A}.Release|x86.ActiveCfg = Release|x86
		{D78AA641-7018-42F9-87BB-58FC95BC629A}.Release|x86.Build.0 = Release|x86
	EndGlobalSection
	GlobalSection(SolutionProperties) = preSolution
		HideSolutionNode = FALSE
	EndGlobalSection
EndGlobal
